{
  "lib/rain.interpreter": {
    "rev": "d1fee1b9c4a427ebd529b9c0b0e17718c1a4a99a"
  },
  "lib/rain.orderbook.interface": {
    "rev": "f63a086d16f563d6dc7ef84a73d8040f0ffd1c7b"
  },
  "lib/rain.tofu.erc20-decimals": {
    "rev": "ca8e8bacf6c6cb3b9938a6961efb9f93cc1754f9"
  },
  "lib/sushixswap-v2": {
    "rev": "ca38c64cf7c3042f6427414d7bff61c54293da51"
  }
}