{
    "name": "rain-orderbook-subgraph",
    "version": "1.0.0",
    "lockfileVersion": 3,
    "requires": true,
    "packages": {
        "": {
            "name": "rain-orderbook-subgraph",
            "version": "1.0.0",
            "license": "CAL",
            "dependencies": {
                "@graphprotocol/graph-ts": "=0.32.0"
            },
            "devDependencies": {
                "matchstick-as": "^0.6.0"
            }
        },
        "node_modules/@graphprotocol/graph-ts": {
            "version": "0.32.0",
            "resolved": "https://registry.npmjs.org/@graphprotocol/graph-ts/-/graph-ts-0.32.0.tgz",
            "integrity": "sha512-YfKLT2w+ItXD/VPYQiAKtINQONVsAOkcqVFMHlhUy0fcEBVWuFBT53hJNI0/l5ujQa4TSxtzrKW/7EABAdgI8g==",
            "dependencies": {
                "assemblyscript": "0.19.10"
            }
        },
        "node_modules/@graphprotocol/graph-ts/node_modules/assemblyscript": {
            "version": "0.19.10",
            "resolved": "https://registry.npmjs.org/assemblyscript/-/assemblyscript-0.19.10.tgz",
            "integrity": "sha512-HavcUBXB3mBTRGJcpvaQjmnmaqKHBGREjSPNsIvnAk2f9dj78y4BkMaSSdvBQYWcDDzsHQjyUC8stICFkD1Odg==",
            "dependencies": {
                "binaryen": "101.0.0-nightly.20210723",
                "long": "^4.0.0"
            },
            "bin": {
                "asc": "bin/asc",
                "asinit": "bin/asinit"
            },
            "funding": {
                "type": "opencollective",
                "url": "https://opencollective.com/assemblyscript"
            }
        },
        "node_modules/@graphprotocol/graph-ts/node_modules/binaryen": {
            "version": "101.0.0-nightly.20210723",
            "resolved": "https://registry.npmjs.org/binaryen/-/binaryen-101.0.0-nightly.20210723.tgz",
            "integrity": "sha512-eioJNqhHlkguVSbblHOtLqlhtC882SOEPKmNFZaDuz1hzQjolxZ+eu3/kaS10n3sGPONsIZsO7R9fR00UyhEUA==",
            "bin": {
                "wasm-opt": "bin/wasm-opt"
            }
        },
        "node_modules/@graphprotocol/graph-ts/node_modules/long": {
            "version": "4.0.0",
            "resolved": "https://registry.npmjs.org/long/-/long-4.0.0.tgz",
            "integrity": "sha512-XsP+KhQif4bjX1kbuSiySJFNAehNxgLb6hPRGJ9QsUr8ajHkuXGdrHmFUTUUXhDwVX2R5bY4JNZEwbUiMhV+MA=="
        },
        "node_modules/matchstick-as": {
            "version": "0.6.0",
            "resolved": "https://registry.npmjs.org/matchstick-as/-/matchstick-as-0.6.0.tgz",
            "integrity": "sha512-E36fWsC1AbCkBFt05VsDDRoFvGSdcZg6oZJrtIe/YDBbuFh8SKbR5FcoqDhNWqSN+F7bN/iS2u8Md0SM+4pUpw==",
            "dev": true,
            "dependencies": {
                "wabt": "1.0.24"
            }
        },
        "node_modules/wabt": {
            "version": "1.0.24",
            "resolved": "https://registry.npmjs.org/wabt/-/wabt-1.0.24.tgz",
            "integrity": "sha512-8l7sIOd3i5GWfTWciPL0+ff/FK/deVK2Q6FN+MPz4vfUcD78i2M/49XJTwF6aml91uIiuXJEsLKWMB2cw/mtKg==",
            "dev": true,
            "bin": {
                "wasm-decompile": "bin/wasm-decompile",
                "wasm-interp": "bin/wasm-interp",
                "wasm-objdump": "bin/wasm-objdump",
                "wasm-opcodecnt": "bin/wasm-opcodecnt",
                "wasm-strip": "bin/wasm-strip",
                "wasm-validate": "bin/wasm-validate",
                "wasm2c": "bin/wasm2c",
                "wasm2wat": "bin/wasm2wat",
                "wat2wasm": "bin/wat2wasm"
            }
        }
    }
}
