{
    "name": "subgraph",
    "version": "1.0.0",
    "lockfileVersion": 3,
    "requires": true,
    "packages": {
        "": {
            "name": "subgraph",
            "version": "1.0.0",
            "license": "CAL",
            "dependencies": {
                "@graphprotocol/graph-ts": "=0.32.0"
            }
        },
        "node_modules/@graphprotocol/graph-ts": {
            "version": "0.32.0",
            "resolved": "https://registry.npmjs.org/@graphprotocol/graph-ts/-/graph-ts-0.32.0.tgz",
            "integrity": "sha512-YfKLT2w+ItXD/VPYQiAKtINQONVsAOkcqVFMHlhUy0fcEBVWuFBT53hJNI0/l5ujQa4TSxtzrKW/7EABAdgI8g==",
            "dependencies": {
                "assemblyscript": "0.19.10"
            }
        },
        "node_modules/@graphprotocol/graph-ts/node_modules/assemblyscript": {
            "version": "0.19.10",
            "resolved": "https://registry.npmjs.org/assemblyscript/-/assemblyscript-0.19.10.tgz",
            "integrity": "sha512-HavcUBXB3mBTRGJcpvaQjmnmaqKHBGREjSPNsIvnAk2f9dj78y4BkMaSSdvBQYWcDDzsHQjyUC8stICFkD1Odg==",
            "dependencies": {
                "binaryen": "101.0.0-nightly.20210723",
                "long": "^4.0.0"
            },
            "bin": {
                "asc": "bin/asc",
                "asinit": "bin/asinit"
            },
            "funding": {
                "type": "opencollective",
                "url": "https://opencollective.com/assemblyscript"
            }
        },
        "node_modules/@graphprotocol/graph-ts/node_modules/binaryen": {
            "version": "101.0.0-nightly.20210723",
            "resolved": "https://registry.npmjs.org/binaryen/-/binaryen-101.0.0-nightly.20210723.tgz",
            "integrity": "sha512-eioJNqhHlkguVSbblHOtLqlhtC882SOEPKmNFZaDuz1hzQjolxZ+eu3/kaS10n3sGPONsIZsO7R9fR00UyhEUA==",
            "bin": {
                "wasm-opt": "bin/wasm-opt"
            }
        },
        "node_modules/@graphprotocol/graph-ts/node_modules/long": {
            "version": "4.0.0",
            "resolved": "https://registry.npmjs.org/long/-/long-4.0.0.tgz",
            "integrity": "sha512-XsP+KhQif4bjX1kbuSiySJFNAehNxgLb6hPRGJ9QsUr8ajHkuXGdrHmFUTUUXhDwVX2R5bY4JNZEwbUiMhV+MA=="
        }
    }
}
